github.com/emerli/go-mod-rest-service v1.0.0 h1:w+19dyyiYwMIKRe/LoO/XRGXQNP6C+Slxy2VzKGV6wY=
github.com/emerli/go-mod-rest-service v1.0.0/go.mod h1:jwvv/Lp4McHgmimizreav8cewGqRhz4erC2F1Kqvt8I=
github.com/emerli/go-mod-rest-service v1.0.1 h1:W/svfHr3Gk9KwgmAuDtQfJ1tNbtrBwVnSbKCcLh7r0o=
github.com/emerli/gomodrestservice v1.0.5 h1:54LWzOH2rvRHC2UxGOVx3AInpN69cufeaeo4AR7u9GA=
github.com/emerli/gomodrestservice v1.0.5/go.mod h1:ARW2DkGt5Iq4xmLQc0R9BYllD7jt9ks2Lw4eXv/MG4Q=
github.com/emerli/gomodrestservice v1.0.6 h1:aa79wQHnnDBEH8Lq2pKz/MjKIi6rHcF/psGxXnDvpNE=
github.com/emerli/gomodrestservice v1.0.6/go.mod h1:ARW2DkGt5Iq4xmLQc0R9BYllD7jt9ks2Lw4eXv/MG4Q=
